version = 1
revision = 3
requires-python = ">=3.14"

[[package]]
name = "gym-trainer-management-system-cs-ia"
version = "0.1.0"
source = { editable = "." }
dependencies = [
    { name = "plotly" },
]

[package.metadata]
requires-dist = [{ name = "plotly", specifier = ">=6.9.0" }]

[[package]]
name = "narwhals"
version = "2.24.0"
source = { registry = "https://pypi.org/simple" }
sdist = { url = "https://files.pythonhosted.org/packages/2b/1d/58946e5aab18393e793bd4add6985b95d0e01c3a2d832f38f54468b10dcd/narwhals-2.24.0.tar.gz", hash = "sha256:b5c0f684ccd9d7475b564111e319a4964abcf2baf79d3cf6b1003d06ac9b828d", size = 661143, upload-time = "2026-07-13T10:49:19.086Z" }
wheels = [
    { url = "https://files.pythonhosted.org/packages/7e/85/a5bfaebfd305ac18b57b0854d74e37e586809061a91fda62f0bd50c8518e/narwhals-2.24.0-py3-none-any.whl", hash = "sha256:42fdedf44e5b2ca7505630d45b4ac3058f38d8485cba9fe1652ca23152df7489", size = 461030, upload-time = "2026-07-13T10:49:17.571Z" },
]

[[package]]
name = "packaging"
version = "26.3"
source = { registry = "https://pypi.org/simple" }
sdist = { url = "https://files.pythonhosted.org/packages/7d/fa/3944b40b07da9ce895c0e6303a5ab7d53da063554f534556b134a54d6093/packaging-26.3.tar.gz", hash = "sha256:94edc256424af38762eb31306eed28beb9f0efc50a8837492c9d6fd6004aed79", size = 313412, upload-time = "2026-08-04T18:15:28.737Z" }
wheels = [
    { url = "https://files.pythonhosted.org/packages/63/34/ba1c580383c9eada3711951fef0795c80b829a078d72188184bcab9dd527/packaging-26.3-py3-none-any.whl", hash = "sha256:d7193f7c8e4e93f444fde0262bf90af30e16fa0ad0ad44cb553c87339b23cd1c", size = 129956, upload-time = "2026-08-04T18:15:27.159Z" },
]

[[package]]
name = "plotly"
version = "6.9.0"
source = { registry = "https://pypi.org/simple" }
dependencies = [
    { name = "narwhals" },
    { name = "packaging" },
]
sdist = { url = "https://files.pythonhosted.org/packages/96/07/795c79dbce40c39bece88e69d049babbd23ffa95b5d117f248db8ea03abb/plotly-6.9.0.tar.gz", hash = "sha256:967ad33e8c704fed051800d11d985eb206a9c795c14206b30a6f463ed9c67d0d", size = 6919903, upload-time = "2026-07-09T14:55:59.982Z" }
wheels = [
    { url = "https://files.pythonhosted.org/packages/24/18/d8544811ab076f876c4892b3714f5b0dad335e1dc33aef826df431b8325d/plotly-6.9.0-py3-none-any.whl", hash = "sha256:36bebe2f1bb13884774fe61689c329071446f6ce4a8927fb1f0d6fb24f581236", size = 9909646, upload-time = "2026-07-09T14:55:55.421Z" },
]
